
Microsoft Visual Studio Solution File, Format Version 12.00
# Visual Studio 15
VisualStudioVersion = 15.0.27130.2027
MinimumVisualStudioVersion = 10.0.40219.1
Project("{2150E333-8FDC-42A3-9474-1A3956D46DE8}") = "src", "src", "{2408EC7B-2E06-46A5-B6AC-D4E985E30CBB}"
EndProject
Project("{2150E333-8FDC-42A3-9474-1A3956D46DE8}") = "Solution Items", "Solution Items", "{DFF21B2A-7F52-448D-8867-D1C4EEAF73A7}"
EndProject
Project("{2150E333-8FDC-42A3-9474-1A3956D46DE8}") = "Clients", "Clients", "{BABF1C97-CB5C-4AC5-81C6-6A81B0D45E27}"
EndProject
Project("{9A19103F-16F7-4668-BE54-9A1E7A4F7556}") = "QuickstartIdentityServer", "src\QuickstartIdentityServer\QuickstartIdentityServer.csproj", "{74894537-E514-4087-B6E1-B9D77A2ED34C}"
EndProject
Project("{9A19103F-16F7-4668-BE54-9A1E7A4F7556}") = "Api", "src\Api\Api.csproj", "{7059F655-BBD7-4CA3-9A76-2FF198996DA8}"
EndProject
Project("{9A19103F-16F7-4668-BE54-9A1E7A4F7556}") = "Client", "src\Client\Client.csproj", "{B707F1AF-DD46-45D6-B4C5-BC2E9A3FB9B7}"
EndProject
Project("{9A19103F-16F7-4668-BE54-9A1E7A4F7556}") = "ResourceOwnerClient", "src\ResourceOwnerClient\ResourceOwnerClient.csproj", "{40674C67-6A97-4B85-8154-92AEC74A37A0}"
EndProject
Project("{9A19103F-16F7-4668-BE54-9A1E7A4F7556}") = "MvcClient", "src\MvcClient\MvcClient.csproj", "{4CFB4883-9929-4814-BE22-2E19476CE4A3}"
EndProject
Project("{2150E333-8FDC-42A3-9474-1A3956D46DE8}") = "SecurityProviders", "SecurityProviders", "{8840CA0B-01AC-42DC-AEA8-FF3FBDDBF0AC}"
EndProject
Project("{2150E333-8FDC-42A3-9474-1A3956D46DE8}") = "IdentityProviders", "IdentityProviders", "{09D3D840-1D1D-433E-9B82-EA6125A8CDDF}"
EndProject
Project("{9A19103F-16F7-4668-BE54-9A1E7A4F7556}") = "MLaw.AspNet.Security.Remote", "src\MLaw.AspNet.Security.Remote\MLaw.AspNet.Security.Remote.csproj", "{20866667-7823-4B89-B503-C95E1D0D92FC}"
EndProject
Project("{9A19103F-16F7-4668-BE54-9A1E7A4F7556}") = "MLaw.Idp.Mvc", "src\MLaw.Idp.Mvc\MLaw.Idp.Mvc.csproj", "{C9B1D3E9-5EDB-450B-A6ED-30AE23A8CD1D}"
EndProject
Project("{9A19103F-16F7-4668-BE54-9A1E7A4F7556}") = "MLaw.Idp.Cosign", "src\MLaw.Idp.Cosign\MLaw.Idp.Cosign.csproj", "{10C29640-A28C-4586-B90D-1ACA513C7030}"
EndProject
Project("{FAE04EC0-301F-11D3-BF4B-00C04F79EFBC}") = "MLaw.Idp.Cosign.Handler", "src\MLaw.Idp.Cosign.Handler\MLaw.Idp.Cosign.Handler.csproj", "{5CC1C3E4-31DA-4185-A16F-6A35C516A15D}"
EndProject
Global
	GlobalSection(SolutionConfigurationPlatforms) = preSolution
		Debug|Any CPU = Debug|Any CPU
		Release|Any CPU = Release|Any CPU
	EndGlobalSection
	GlobalSection(ProjectConfigurationPlatforms) = postSolution
		{74894537-E514-4087-B6E1-B9D77A2ED34C}.Debug|Any CPU.ActiveCfg = Debug|Any CPU
		{74894537-E514-4087-B6E1-B9D77A2ED34C}.Debug|Any CPU.Build.0 = Debug|Any CPU
		{74894537-E514-4087-B6E1-B9D77A2ED34C}.Release|Any CPU.ActiveCfg = Release|Any CPU
		{74894537-E514-4087-B6E1-B9D77A2ED34C}.Release|Any CPU.Build.0 = Release|Any CPU
		{7059F655-BBD7-4CA3-9A76-2FF198996DA8}.Debug|Any CPU.ActiveCfg = Debug|Any CPU
		{7059F655-BBD7-4CA3-9A76-2FF198996DA8}.Debug|Any CPU.Build.0 = Debug|Any CPU
		{7059F655-BBD7-4CA3-9A76-2FF198996DA8}.Release|Any CPU.ActiveCfg = Release|Any CPU
		{7059F655-BBD7-4CA3-9A76-2FF198996DA8}.Release|Any CPU.Build.0 = Release|Any CPU
		{B707F1AF-DD46-45D6-B4C5-BC2E9A3FB9B7}.Debug|Any CPU.ActiveCfg = Debug|Any CPU
		{B707F1AF-DD46-45D6-B4C5-BC2E9A3FB9B7}.Debug|Any CPU.Build.0 = Debug|Any CPU
		{B707F1AF-DD46-45D6-B4C5-BC2E9A3FB9B7}.Release|Any CPU.ActiveCfg = Release|Any CPU
		{B707F1AF-DD46-45D6-B4C5-BC2E9A3FB9B7}.Release|Any CPU.Build.0 = Release|Any CPU
		{40674C67-6A97-4B85-8154-92AEC74A37A0}.Debug|Any CPU.ActiveCfg = Debug|Any CPU
		{40674C67-6A97-4B85-8154-92AEC74A37A0}.Debug|Any CPU.Build.0 = Debug|Any CPU
		{40674C67-6A97-4B85-8154-92AEC74A37A0}.Release|Any CPU.ActiveCfg = Release|Any CPU
		{40674C67-6A97-4B85-8154-92AEC74A37A0}.Release|Any CPU.Build.0 = Release|Any CPU
		{4CFB4883-9929-4814-BE22-2E19476CE4A3}.Debug|Any CPU.ActiveCfg = Debug|Any CPU
		{4CFB4883-9929-4814-BE22-2E19476CE4A3}.Debug|Any CPU.Build.0 = Debug|Any CPU
		{4CFB4883-9929-4814-BE22-2E19476CE4A3}.Release|Any CPU.ActiveCfg = Release|Any CPU
		{4CFB4883-9929-4814-BE22-2E19476CE4A3}.Release|Any CPU.Build.0 = Release|Any CPU
		{20866667-7823-4B89-B503-C95E1D0D92FC}.Debug|Any CPU.ActiveCfg = Debug|Any CPU
		{20866667-7823-4B89-B503-C95E1D0D92FC}.Debug|Any CPU.Build.0 = Debug|Any CPU
		{20866667-7823-4B89-B503-C95E1D0D92FC}.Release|Any CPU.ActiveCfg = Release|Any CPU
		{20866667-7823-4B89-B503-C95E1D0D92FC}.Release|Any CPU.Build.0 = Release|Any CPU
		{C9B1D3E9-5EDB-450B-A6ED-30AE23A8CD1D}.Debug|Any CPU.ActiveCfg = Debug|Any CPU
		{C9B1D3E9-5EDB-450B-A6ED-30AE23A8CD1D}.Debug|Any CPU.Build.0 = Debug|Any CPU
		{C9B1D3E9-5EDB-450B-A6ED-30AE23A8CD1D}.Release|Any CPU.ActiveCfg = Release|Any CPU
		{C9B1D3E9-5EDB-450B-A6ED-30AE23A8CD1D}.Release|Any CPU.Build.0 = Release|Any CPU
		{10C29640-A28C-4586-B90D-1ACA513C7030}.Debug|Any CPU.ActiveCfg = Debug|Any CPU
		{10C29640-A28C-4586-B90D-1ACA513C7030}.Debug|Any CPU.Build.0 = Debug|Any CPU
		{10C29640-A28C-4586-B90D-1ACA513C7030}.Release|Any CPU.ActiveCfg = Release|Any CPU
		{10C29640-A28C-4586-B90D-1ACA513C7030}.Release|Any CPU.Build.0 = Release|Any CPU
		{5CC1C3E4-31DA-4185-A16F-6A35C516A15D}.Debug|Any CPU.ActiveCfg = Debug|Any CPU
		{5CC1C3E4-31DA-4185-A16F-6A35C516A15D}.Debug|Any CPU.Build.0 = Debug|Any CPU
		{5CC1C3E4-31DA-4185-A16F-6A35C516A15D}.Release|Any CPU.ActiveCfg = Release|Any CPU
		{5CC1C3E4-31DA-4185-A16F-6A35C516A15D}.Release|Any CPU.Build.0 = Release|Any CPU
	EndGlobalSection
	GlobalSection(SolutionProperties) = preSolution
		HideSolutionNode = FALSE
	EndGlobalSection
	GlobalSection(NestedProjects) = preSolution
		{BABF1C97-CB5C-4AC5-81C6-6A81B0D45E27} = {2408EC7B-2E06-46A5-B6AC-D4E985E30CBB}
		{74894537-E514-4087-B6E1-B9D77A2ED34C} = {2408EC7B-2E06-46A5-B6AC-D4E985E30CBB}
		{7059F655-BBD7-4CA3-9A76-2FF198996DA8} = {2408EC7B-2E06-46A5-B6AC-D4E985E30CBB}
		{B707F1AF-DD46-45D6-B4C5-BC2E9A3FB9B7} = {BABF1C97-CB5C-4AC5-81C6-6A81B0D45E27}
		{40674C67-6A97-4B85-8154-92AEC74A37A0} = {BABF1C97-CB5C-4AC5-81C6-6A81B0D45E27}
		{4CFB4883-9929-4814-BE22-2E19476CE4A3} = {BABF1C97-CB5C-4AC5-81C6-6A81B0D45E27}
		{8840CA0B-01AC-42DC-AEA8-FF3FBDDBF0AC} = {2408EC7B-2E06-46A5-B6AC-D4E985E30CBB}
		{09D3D840-1D1D-433E-9B82-EA6125A8CDDF} = {2408EC7B-2E06-46A5-B6AC-D4E985E30CBB}
		{20866667-7823-4B89-B503-C95E1D0D92FC} = {8840CA0B-01AC-42DC-AEA8-FF3FBDDBF0AC}
		{C9B1D3E9-5EDB-450B-A6ED-30AE23A8CD1D} = {09D3D840-1D1D-433E-9B82-EA6125A8CDDF}
		{10C29640-A28C-4586-B90D-1ACA513C7030} = {09D3D840-1D1D-433E-9B82-EA6125A8CDDF}
		{5CC1C3E4-31DA-4185-A16F-6A35C516A15D} = {09D3D840-1D1D-433E-9B82-EA6125A8CDDF}
	EndGlobalSection
	GlobalSection(ExtensibilityGlobals) = postSolution
		SolutionGuid = {E514D85A-F03E-4FFB-8BE6-D0DAF02A1EB0}
	EndGlobalSection
EndGlobal
